
Microsoft Visual Studio Solution File, Format Version 12.00
# Visual Studio 15
Project("{FAE04EC0-301F-11D3-BF4B-00C04F79EFBC}") = "Matata EDU AR - IPA 3.Plugins", "Matata EDU AR - IPA 3.Plugins.csproj", "{D6302D7F-23BF-870D-BB2C-DB1694E71ECF}"
EndProject
Project("{FAE04EC0-301F-11D3-BF4B-00C04F79EFBC}") = "Matata EDU AR - IPA 3", "Matata EDU AR - IPA 3.csproj", "{EC52A886-8707-8510-5609-4348589C5ED5}"
EndProject
Project("{FAE04EC0-301F-11D3-BF4B-00C04F79EFBC}") = "Matata EDU AR - IPA 3.Editor", "Matata EDU AR - IPA 3.Editor.csproj", "{54BA29F6-AAD2-7D22-6DED-C93ED3B87EF6}"
EndProject
Project("{FAE04EC0-301F-11D3-BF4B-00C04F79EFBC}") = "Matata EDU AR - IPA 3.Editor.Plugins", "Matata EDU AR - IPA 3.Editor.Plugins.csproj", "{F6AA3976-7FD6-370A-8539-1A479F8CF86F}"
EndProject
Global
	GlobalSection(SolutionConfigurationPlatforms) = preSolution
		Debug|Any CPU = Debug|Any CPU
		Release|Any CPU = Release|Any CPU
	EndGlobalSection
	GlobalSection(ProjectConfigurationPlatforms) = postSolution
		{D6302D7F-23BF-870D-BB2C-DB1694E71ECF}.Debug|Any CPU.ActiveCfg = Debug|Any CPU
		{D6302D7F-23BF-870D-BB2C-DB1694E71ECF}.Debug|Any CPU.Build.0 = Debug|Any CPU
		{D6302D7F-23BF-870D-BB2C-DB1694E71ECF}.Release|Any CPU.ActiveCfg = Release|Any CPU
		{D6302D7F-23BF-870D-BB2C-DB1694E71ECF}.Release|Any CPU.Build.0 = Release|Any CPU
		{EC52A886-8707-8510-5609-4348589C5ED5}.Debug|Any CPU.ActiveCfg = Debug|Any CPU
		{EC52A886-8707-8510-5609-4348589C5ED5}.Debug|Any CPU.Build.0 = Debug|Any CPU
		{EC52A886-8707-8510-5609-4348589C5ED5}.Release|Any CPU.ActiveCfg = Release|Any CPU
		{EC52A886-8707-8510-5609-4348589C5ED5}.Release|Any CPU.Build.0 = Release|Any CPU
		{54BA29F6-AAD2-7D22-6DED-C93ED3B87EF6}.Debug|Any CPU.ActiveCfg = Debug|Any CPU
		{54BA29F6-AAD2-7D22-6DED-C93ED3B87EF6}.Debug|Any CPU.Build.0 = Debug|Any CPU
		{54BA29F6-AAD2-7D22-6DED-C93ED3B87EF6}.Release|Any CPU.ActiveCfg = Release|Any CPU
		{54BA29F6-AAD2-7D22-6DED-C93ED3B87EF6}.Release|Any CPU.Build.0 = Release|Any CPU
		{F6AA3976-7FD6-370A-8539-1A479F8CF86F}.Debug|Any CPU.ActiveCfg = Debug|Any CPU
		{F6AA3976-7FD6-370A-8539-1A479F8CF86F}.Debug|Any CPU.Build.0 = Debug|Any CPU
		{F6AA3976-7FD6-370A-8539-1A479F8CF86F}.Release|Any CPU.ActiveCfg = Release|Any CPU
		{F6AA3976-7FD6-370A-8539-1A479F8CF86F}.Release|Any CPU.Build.0 = Release|Any CPU
	EndGlobalSection
	GlobalSection(SolutionProperties) = preSolution
		HideSolutionNode = FALSE
	EndGlobalSection
EndGlobal
